
Microsoft Visual Studio Solution File, Format Version 12.00
# Visual Studio 15
VisualStudioVersion = 15.0.28307.421
MinimumVisualStudioVersion = 10.0.40219.1
Project("{FAE04EC0-301F-11D3-BF4B-00C04F79EFBC}") = "App1.Android", "App1\App1.Android\App1.Android.csproj", "{0AD647AF-F4B9-45CE-9296-F93477BAF56E}"
EndProject
Project("{FAE04EC0-301F-11D3-BF4B-00C04F79EFBC}") = "App1.iOS", "App1\App1.iOS\App1.iOS.csproj", "{783F6D8A-9331-427B-A7DE-4C690C9AA6F4}"
EndProject
Project("{FAE04EC0-301F-11D3-BF4B-00C04F79EFBC}") = "App1.UWP", "App1\App1.UWP\App1.UWP.csproj", "{8A01D0FC-DB0F-4AE3-ADD3-FA00C05FCB1B}"
EndProject
Project("{FAE04EC0-301F-11D3-BF4B-00C04F79EFBC}") = "App1", "App1\App1\App1.csproj", "{D641A074-AA7F-4EA8-91CA-38D57D25D210}"
EndProject
Global
	GlobalSection(SolutionConfigurationPlatforms) = preSolution
		Ad-Hoc|Any CPU = Ad-Hoc|Any CPU
		Ad-Hoc|ARM = Ad-Hoc|ARM
		Ad-Hoc|iPhone = Ad-Hoc|iPhone
		Ad-Hoc|iPhoneSimulator = Ad-Hoc|iPhoneSimulator
		Ad-Hoc|x64 = Ad-Hoc|x64
		Ad-Hoc|x86 = Ad-Hoc|x86
		AppStore|Any CPU = AppStore|Any CPU
		AppStore|ARM = AppStore|ARM
		AppStore|iPhone = AppStore|iPhone
		AppStore|iPhoneSimulator = AppStore|iPhoneSimulator
		AppStore|x64 = AppStore|x64
		AppStore|x86 = AppStore|x86
		Debug|Any CPU = Debug|Any CPU
		Debug|ARM = Debug|ARM
		Debug|iPhone = Debug|iPhone
		Debug|iPhoneSimulator = Debug|iPhoneSimulator
		Debug|x64 = Debug|x64
		Debug|x86 = Debug|x86
		Release|Any CPU = Release|Any CPU
		Release|ARM = Release|ARM
		Release|iPhone = Release|iPhone
		Release|iPhoneSimulator = Release|iPhoneSimulator
		Release|x64 = Release|x64
		Release|x86 = Release|x86
	EndGlobalSection
	GlobalSection(ProjectConfigurationPlatforms) = postSolution
		{0AD647AF-F4B9-45CE-9296-F93477BAF56E}.Ad-Hoc|Any CPU.ActiveCfg = Release|Any CPU
		{0AD647AF-F4B9-45CE-9296-F93477BAF56E}.Ad-Hoc|Any CPU.Build.0 = Release|Any CPU
		{0AD647AF-F4B9-45CE-9296-F93477BAF56E}.Ad-Hoc|Any CPU.Deploy.0 = Release|Any CPU
		{0AD647AF-F4B9-45CE-9296-F93477BAF56E}.Ad-Hoc|ARM.ActiveCfg = Release|Any CPU
		{0AD647AF-F4B9-45CE-9296-F93477BAF56E}.Ad-Hoc|ARM.Build.0 = Release|Any CPU
		{0AD647AF-F4B9-45CE-9296-F93477BAF56E}.Ad-Hoc|ARM.Deploy.0 = Release|Any CPU
		{0AD647AF-F4B9-45CE-9296-F93477BAF56E}.Ad-Hoc|iPhone.ActiveCfg = Release|Any CPU
		{0AD647AF-F4B9-45CE-9296-F93477BAF56E}.Ad-Hoc|iPhone.Build.0 = Release|Any CPU
		{0AD647AF-F4B9-45CE-9296-F93477BAF56E}.Ad-Hoc|iPhone.Deploy.0 = Release|Any CPU
		{0AD647AF-F4B9-45CE-9296-F93477BAF56E}.Ad-Hoc|iPhoneSimulator.ActiveCfg = Release|Any CPU
		{0AD647AF-F4B9-45CE-9296-F93477BAF56E}.Ad-Hoc|iPhoneSimulator.Build.0 = Release|Any CPU
		{0AD647AF-F4B9-45CE-9296-F93477BAF56E}.Ad-Hoc|iPhoneSimulator.Deploy.0 = Release|Any CPU
		{0AD647AF-F4B9-45CE-9296-F93477BAF56E}.Ad-Hoc|x64.ActiveCfg = Release|Any CPU
		{0AD647AF-F4B9-45CE-9296-F93477BAF56E}.Ad-Hoc|x64.Build.0 = Release|Any CPU
		{0AD647AF-F4B9-45CE-9296-F93477BAF56E}.Ad-Hoc|x64.Deploy.0 = Release|Any CPU
		{0AD647AF-F4B9-45CE-9296-F93477BAF56E}.Ad-Hoc|x86.ActiveCfg = Release|Any CPU
		{0AD647AF-F4B9-45CE-9296-F93477BAF56E}.Ad-Hoc|x86.Build.0 = Release|Any CPU
		{0AD647AF-F4B9-45CE-9296-F93477BAF56E}.Ad-Hoc|x86.Deploy.0 = Release|Any CPU
		{0AD647AF-F4B9-45CE-9296-F93477BAF56E}.AppStore|Any CPU.ActiveCfg = Release|Any CPU
		{0AD647AF-F4B9-45CE-9296-F93477BAF56E}.AppStore|Any CPU.Build.0 = Release|Any CPU
		{0AD647AF-F4B9-45CE-9296-F93477BAF56E}.AppStore|Any CPU.Deploy.0 = Release|Any CPU
		{0AD647AF-F4B9-45CE-9296-F93477BAF56E}.AppStore|ARM.ActiveCfg = Release|Any CPU
		{0AD647AF-F4B9-45CE-9296-F93477BAF56E}.AppStore|ARM.Build.0 = Release|Any CPU
		{0AD647AF-F4B9-45CE-9296-F93477BAF56E}.AppStore|ARM.Deploy.0 = Release|Any CPU
		{0AD647AF-F4B9-45CE-9296-F93477BAF56E}.AppStore|iPhone.ActiveCfg = Release|Any CPU
		{0AD647AF-F4B9-45CE-9296-F93477BAF56E}.AppStore|iPhone.Build.0 = Release|Any CPU
		{0AD647AF-F4B9-45CE-9296-F93477BAF56E}.AppStore|iPhone.Deploy.0 = Release|Any CPU
		{0AD647AF-F4B9-45CE-9296-F93477BAF56E}.AppStore|iPhoneSimulator.ActiveCfg = Release|Any CPU
		{0AD647AF-F4B9-45CE-9296-F93477BAF56E}.AppStore|iPhoneSimulator.Build.0 = Release|Any CPU
		{0AD647AF-F4B9-45CE-9296-F93477BAF56E}.AppStore|iPhoneSimulator.Deploy.0 = Release|Any CPU
		{0AD647AF-F4B9-45CE-9296-F93477BAF56E}.AppStore|x64.ActiveCfg = Release|Any CPU
		{0AD647AF-F4B9-45CE-9296-F93477BAF56E}.AppStore|x64.Build.0 = Release|Any CPU
		{0AD647AF-F4B9-45CE-9296-F93477BAF56E}.AppStore|x64.Deploy.0 = Release|Any CPU
		{0AD647AF-F4B9-45CE-9296-F93477BAF56E}.AppStore|x86.ActiveCfg = Release|Any CPU
		{0AD647AF-F4B9-45CE-9296-F93477BAF56E}.AppStore|x86.Build.0 = Release|Any CPU
		{0AD647AF-F4B9-45CE-9296-F93477BAF56E}.AppStore|x86.Deploy.0 = Release|Any CPU
		{0AD647AF-F4B9-45CE-9296-F93477BAF56E}.Debug|Any CPU.ActiveCfg = Debug|Any CPU
		{0AD647AF-F4B9-45CE-9296-F93477BAF56E}.Debug|Any CPU.Build.0 = Debug|Any CPU
		{0AD647AF-F4B9-45CE-9296-F93477BAF56E}.Debug|Any CPU.Deploy.0 = Debug|Any CPU
		{0AD647AF-F4B9-45CE-9296-F93477BAF56E}.Debug|ARM.ActiveCfg = Debug|Any CPU
		{0AD647AF-F4B9-45CE-9296-F93477BAF56E}.Debug|ARM.Build.0 = Debug|Any CPU
		{0AD647AF-F4B9-45CE-9296-F93477BAF56E}.Debug|ARM.Deploy.0 = Debug|Any CPU
		{0AD647AF-F4B9-45CE-9296-F93477BAF56E}.Debug|iPhone.ActiveCfg = Debug|Any CPU
		{0AD647AF-F4B9-45CE-9296-F93477BAF56E}.Debug|iPhone.Build.0 = Debug|Any CPU
		{0AD647AF-F4B9-45CE-9296-F93477BAF56E}.Debug|iPhone.Deploy.0 = Debug|Any CPU
		{0AD647AF-F4B9-45CE-9296-F93477BAF56E}.Debug|iPhoneSimulator.ActiveCfg = Debug|Any CPU
		{0AD647AF-F4B9-45CE-9296-F93477BAF56E}.Debug|iPhoneSimulator.Build.0 = Debug|Any CPU
		{0AD647AF-F4B9-45CE-9296-F93477BAF56E}.Debug|iPhoneSimulator.Deploy.0 = Debug|Any CPU
		{0AD647AF-F4B9-45CE-9296-F93477BAF56E}.Debug|x64.ActiveCfg = Debug|Any CPU
		{0AD647AF-F4B9-45CE-9296-F93477BAF56E}.Debug|x64.Build.0 = Debug|Any CPU
		{0AD647AF-F4B9-45CE-9296-F93477BAF56E}.Debug|x64.Deploy.0 = Debug|Any CPU
		{0AD647AF-F4B9-45CE-9296-F93477BAF56E}.Debug|x86.ActiveCfg = Debug|Any CPU
		{0AD647AF-F4B9-45CE-9296-F93477BAF56E}.Debug|x86.Build.0 = Debug|Any CPU
		{0AD647AF-F4B9-45CE-9296-F93477BAF56E}.Debug|x86.Deploy.0 = Debug|Any CPU
		{0AD647AF-F4B9-45CE-9296-F93477BAF56E}.Release|Any CPU.ActiveCfg = Release|Any CPU
		{0AD647AF-F4B9-45CE-9296-F93477BAF56E}.Release|Any CPU.Build.0 = Release|Any CPU
		{0AD647AF-F4B9-45CE-9296-F93477BAF56E}.Release|Any CPU.Deploy.0 = Release|Any CPU
		{0AD647AF-F4B9-45CE-9296-F93477BAF56E}.Release|ARM.ActiveCfg = Release|Any CPU
		{0AD647AF-F4B9-45CE-9296-F93477BAF56E}.Release|ARM.Build.0 = Release|Any CPU
		{0AD647AF-F4B9-45CE-9296-F93477BAF56E}.Release|ARM.Deploy.0 = Release|Any CPU
		{0AD647AF-F4B9-45CE-9296-F93477BAF56E}.Release|iPhone.ActiveCfg = Release|Any CPU
		{0AD647AF-F4B9-45CE-9296-F93477BAF56E}.Release|iPhone.Build.0 = Release|Any CPU
		{0AD647AF-F4B9-45CE-9296-F93477BAF56E}.Release|iPhone.Deploy.0 = Release|Any CPU
		{0AD647AF-F4B9-45CE-9296-F93477BAF56E}.Release|iPhoneSimulator.ActiveCfg = Release|Any CPU
		{0AD647AF-F4B9-45CE-9296-F93477BAF56E}.Release|iPhoneSimulator.Build.0 = Release|Any CPU
		{0AD647AF-F4B9-45CE-9296-F93477BAF56E}.Release|iPhoneSimulator.Deploy.0 = Release|Any CPU
		{0AD647AF-F4B9-45CE-9296-F93477BAF56E}.Release|x64.ActiveCfg = Release|Any CPU
		{0AD647AF-F4B9-45CE-9296-F93477BAF56E}.Release|x64.Build.0 = Release|Any CPU
		{0AD647AF-F4B9-45CE-9296-F93477BAF56E}.Release|x64.Deploy.0 = Release|Any CPU
		{0AD647AF-F4B9-45CE-9296-F93477BAF56E}.Release|x86.ActiveCfg = Release|Any CPU
		{0AD647AF-F4B9-45CE-9296-F93477BAF56E}.Release|x86.Build.0 = Release|Any CPU
		{0AD647AF-F4B9-45CE-9296-F93477BAF56E}.Release|x86.Deploy.0 = Release|Any CPU
		{783F6D8A-9331-427B-A7DE-4C690C9AA6F4}.Ad-Hoc|Any CPU.ActiveCfg = Ad-Hoc|iPhone
		{783F6D8A-9331-427B-A7DE-4C690C9AA6F4}.Ad-Hoc|Any CPU.Build.0 = Ad-Hoc|iPhone
		{783F6D8A-9331-427B-A7DE-4C690C9AA6F4}.Ad-Hoc|Any CPU.Deploy.0 = Ad-Hoc|iPhone
		{783F6D8A-9331-427B-A7DE-4C690C9AA6F4}.Ad-Hoc|ARM.ActiveCfg = Ad-Hoc|iPhone
		{783F6D8A-9331-427B-A7DE-4C690C9AA6F4}.Ad-Hoc|ARM.Build.0 = Ad-Hoc|iPhone
		{783F6D8A-9331-427B-A7DE-4C690C9AA6F4}.Ad-Hoc|ARM.Deploy.0 = Ad-Hoc|iPhone
		{783F6D8A-9331-427B-A7DE-4C690C9AA6F4}.Ad-Hoc|iPhone.ActiveCfg = Ad-Hoc|iPhone
		{783F6D8A-9331-427B-A7DE-4C690C9AA6F4}.Ad-Hoc|iPhone.Build.0 = Ad-Hoc|iPhone
		{783F6D8A-9331-427B-A7DE-4C690C9AA6F4}.Ad-Hoc|iPhone.Deploy.0 = Ad-Hoc|iPhone
		{783F6D8A-9331-427B-A7DE-4C690C9AA6F4}.Ad-Hoc|iPhoneSimulator.ActiveCfg = Ad-Hoc|iPhoneSimulator
		{783F6D8A-9331-427B-A7DE-4C690C9AA6F4}.Ad-Hoc|iPhoneSimulator.Build.0 = Ad-Hoc|iPhoneSimulator
		{783F6D8A-9331-427B-A7DE-4C690C9AA6F4}.Ad-Hoc|iPhoneSimulator.Deploy.0 = Ad-Hoc|iPhoneSimulator
		{783F6D8A-9331-427B-A7DE-4C690C9AA6F4}.Ad-Hoc|x64.ActiveCfg = Ad-Hoc|iPhone
		{783F6D8A-9331-427B-A7DE-4C690C9AA6F4}.Ad-Hoc|x64.Build.0 = Ad-Hoc|iPhone
		{783F6D8A-9331-427B-A7DE-4C690C9AA6F4}.Ad-Hoc|x64.Deploy.0 = Ad-Hoc|iPhone
		{783F6D8A-9331-427B-A7DE-4C690C9AA6F4}.Ad-Hoc|x86.ActiveCfg = Ad-Hoc|iPhone
		{783F6D8A-9331-427B-A7DE-4C690C9AA6F4}.Ad-Hoc|x86.Build.0 = Ad-Hoc|iPhone
		{783F6D8A-9331-427B-A7DE-4C690C9AA6F4}.Ad-Hoc|x86.Deploy.0 = Ad-Hoc|iPhone
		{783F6D8A-9331-427B-A7DE-4C690C9AA6F4}.AppStore|Any CPU.ActiveCfg = AppStore|iPhone
		{783F6D8A-9331-427B-A7DE-4C690C9AA6F4}.AppStore|Any CPU.Build.0 = AppStore|iPhone
		{783F6D8A-9331-427B-A7DE-4C690C9AA6F4}.AppStore|Any CPU.Deploy.0 = AppStore|iPhone
		{783F6D8A-9331-427B-A7DE-4C690C9AA6F4}.AppStore|ARM.ActiveCfg = AppStore|iPhone
		{783F6D8A-9331-427B-A7DE-4C690C9AA6F4}.AppStore|ARM.Build.0 = AppStore|iPhone
		{783F6D8A-9331-427B-A7DE-4C690C9AA6F4}.AppStore|ARM.Deploy.0 = AppStore|iPhone
		{783F6D8A-9331-427B-A7DE-4C690C9AA6F4}.AppStore|iPhone.ActiveCfg = AppStore|iPhone
		{783F6D8A-9331-427B-A7DE-4C690C9AA6F4}.AppStore|iPhone.Build.0 = AppStore|iPhone
		{783F6D8A-9331-427B-A7DE-4C690C9AA6F4}.AppStore|iPhone.Deploy.0 = AppStore|iPhone
		{783F6D8A-9331-427B-A7DE-4C690C9AA6F4}.AppStore|iPhoneSimulator.ActiveCfg = AppStore|iPhoneSimulator
		{783F6D8A-9331-427B-A7DE-4C690C9AA6F4}.AppStore|iPhoneSimulator.Build.0 = AppStore|iPhoneSimulator
		{783F6D8A-9331-427B-A7DE-4C690C9AA6F4}.AppStore|iPhoneSimulator.Deploy.0 = AppStore|iPhoneSimulator
		{783F6D8A-9331-427B-A7DE-4C690C9AA6F4}.AppStore|x64.ActiveCfg = AppStore|iPhone
		{783F6D8A-9331-427B-A7DE-4C690C9AA6F4}.AppStore|x64.Build.0 = AppStore|iPhone
		{783F6D8A-9331-427B-A7DE-4C690C9AA6F4}.AppStore|x64.Deploy.0 = AppStore|iPhone
		{783F6D8A-9331-427B-A7DE-4C690C9AA6F4}.AppStore|x86.ActiveCfg = AppStore|iPhone
		{783F6D8A-9331-427B-A7DE-4C690C9AA6F4}.AppStore|x86.Build.0 = AppStore|iPhone
		{783F6D8A-9331-427B-A7DE-4C690C9AA6F4}.AppStore|x86.Deploy.0 = AppStore|iPhone
		{783F6D8A-9331-427B-A7DE-4C690C9AA6F4}.Debug|Any CPU.ActiveCfg = Debug|iPhoneSimulator
		{783F6D8A-9331-427B-A7DE-4C690C9AA6F4}.Debug|Any CPU.Build.0 = Debug|iPhoneSimulator
		{783F6D8A-9331-427B-A7DE-4C690C9AA6F4}.Debug|Any CPU.Deploy.0 = Debug|iPhoneSimulator
		{783F6D8A-9331-427B-A7DE-4C690C9AA6F4}.Debug|ARM.ActiveCfg = Debug|iPhone
		{783F6D8A-9331-427B-A7DE-4C690C9AA6F4}.Debug|ARM.Build.0 = Debug|iPhone
		{783F6D8A-9331-427B-A7DE-4C690C9AA6F4}.Debug|ARM.Deploy.0 = Debug|iPhone
		{783F6D8A-9331-427B-A7DE-4C690C9AA6F4}.Debug|iPhone.ActiveCfg = Debug|iPhone
		{783F6D8A-9331-427B-A7DE-4C690C9AA6F4}.Debug|iPhone.Build.0 = Debug|iPhone
		{783F6D8A-9331-427B-A7DE-4C690C9AA6F4}.Debug|iPhone.Deploy.0 = Debug|iPhone
		{783F6D8A-9331-427B-A7DE-4C690C9AA6F4}.Debug|iPhoneSimulator.ActiveCfg = Debug|iPhoneSimulator
		{783F6D8A-9331-427B-A7DE-4C690C9AA6F4}.Debug|iPhoneSimulator.Build.0 = Debug|iPhoneSimulator
		{783F6D8A-9331-427B-A7DE-4C690C9AA6F4}.Debug|iPhoneSimulator.Deploy.0 = Debug|iPhoneSimulator
		{783F6D8A-9331-427B-A7DE-4C690C9AA6F4}.Debug|x64.ActiveCfg = Debug|iPhone
		{783F6D8A-9331-427B-A7DE-4C690C9AA6F4}.Debug|x64.Build.0 = Debug|iPhone
		{783F6D8A-9331-427B-A7DE-4C690C9AA6F4}.Debug|x64.Deploy.0 = Debug|iPhone
		{783F6D8A-9331-427B-A7DE-4C690C9AA6F4}.Debug|x86.ActiveCfg = Debug|iPhone
		{783F6D8A-9331-427B-A7DE-4C690C9AA6F4}.Debug|x86.Build.0 = Debug|iPhone
		{783F6D8A-9331-427B-A7DE-4C690C9AA6F4}.Debug|x86.Deploy.0 = Debug|iPhone
		{783F6D8A-9331-427B-A7DE-4C690C9AA6F4}.Release|Any CPU.ActiveCfg = Release|iPhone
		{783F6D8A-9331-427B-A7DE-4C690C9AA6F4}.Release|Any CPU.Build.0 = Release|iPhone
		{783F6D8A-9331-427B-A7DE-4C690C9AA6F4}.Release|Any CPU.Deploy.0 = Release|iPhone
		{783F6D8A-9331-427B-A7DE-4C690C9AA6F4}.Release|ARM.ActiveCfg = Release|iPhone
		{783F6D8A-9331-427B-A7DE-4C690C9AA6F4}.Release|ARM.Build.0 = Release|iPhone
		{783F6D8A-9331-427B-A7DE-4C690C9AA6F4}.Release|ARM.Deploy.0 = Release|iPhone
		{783F6D8A-9331-427B-A7DE-4C690C9AA6F4}.Release|iPhone.ActiveCfg = Release|iPhone
		{783F6D8A-9331-427B-A7DE-4C690C9AA6F4}.Release|iPhone.Build.0 = Release|iPhone
		{783F6D8A-9331-427B-A7DE-4C690C9AA6F4}.Release|iPhone.Deploy.0 = Release|iPhone
		{783F6D8A-9331-427B-A7DE-4C690C9AA6F4}.Release|iPhoneSimulator.ActiveCfg = Release|iPhoneSimulator
		{783F6D8A-9331-427B-A7DE-4C690C9AA6F4}.Release|iPhoneSimulator.Build.0 = Release|iPhoneSimulator
		{783F6D8A-9331-427B-A7DE-4C690C9AA6F4}.Release|iPhoneSimulator.Deploy.0 = Release|iPhoneSimulator
		{783F6D8A-9331-427B-A7DE-4C690C9AA6F4}.Release|x64.ActiveCfg = Release|iPhone
		{783F6D8A-9331-427B-A7DE-4C690C9AA6F4}.Release|x64.Build.0 = Release|iPhone
		{783F6D8A-9331-427B-A7DE-4C690C9AA6F4}.Release|x64.Deploy.0 = Release|iPhone
		{783F6D8A-9331-427B-A7DE-4C690C9AA6F4}.Release|x86.ActiveCfg = Release|iPhone
		{783F6D8A-9331-427B-A7DE-4C690C9AA6F4}.Release|x86.Build.0 = Release|iPhone
		{783F6D8A-9331-427B-A7DE-4C690C9AA6F4}.Release|x86.Deploy.0 = Release|iPhone
		{8A01D0FC-DB0F-4AE3-ADD3-FA00C05FCB1B}.Ad-Hoc|Any CPU.ActiveCfg = Release|x86
		{8A01D0FC-DB0F-4AE3-ADD3-FA00C05FCB1B}.Ad-Hoc|Any CPU.Build.0 = Release|x86
		{8A01D0FC-DB0F-4AE3-ADD3-FA00C05FCB1B}.Ad-Hoc|Any CPU.Deploy.0 = Release|x86
		{8A01D0FC-DB0F-4AE3-ADD3-FA00C05FCB1B}.Ad-Hoc|ARM.ActiveCfg = Release|ARM
		{8A01D0FC-DB0F-4AE3-ADD3-FA00C05FCB1B}.Ad-Hoc|ARM.Build.0 = Release|ARM
		{8A01D0FC-DB0F-4AE3-ADD3-FA00C05FCB1B}.Ad-Hoc|ARM.Deploy.0 = Release|ARM
		{8A01D0FC-DB0F-4AE3-ADD3-FA00C05FCB1B}.Ad-Hoc|iPhone.ActiveCfg = Release|x86
		{8A01D0FC-DB0F-4AE3-ADD3-FA00C05FCB1B}.Ad-Hoc|iPhone.Build.0 = Release|x86
		{8A01D0FC-DB0F-4AE3-ADD3-FA00C05FCB1B}.Ad-Hoc|iPhone.Deploy.0 = Release|x86
		{8A01D0FC-DB0F-4AE3-ADD3-FA00C05FCB1B}.Ad-Hoc|iPhoneSimulator.ActiveCfg = Release|x86
		{8A01D0FC-DB0F-4AE3-ADD3-FA00C05FCB1B}.Ad-Hoc|iPhoneSimulator.Build.0 = Release|x86
		{8A01D0FC-DB0F-4AE3-ADD3-FA00C05FCB1B}.Ad-Hoc|iPhoneSimulator.Deploy.0 = Release|x86
		{8A01D0FC-DB0F-4AE3-ADD3-FA00C05FCB1B}.Ad-Hoc|x64.ActiveCfg = Release|x64
		{8A01D0FC-DB0F-4AE3-ADD3-FA00C05FCB1B}.Ad-Hoc|x64.Build.0 = Release|x64
		{8A01D0FC-DB0F-4AE3-ADD3-FA00C05FCB1B}.Ad-Hoc|x64.Deploy.0 = Release|x64
		{8A01D0FC-DB0F-4AE3-ADD3-FA00C05FCB1B}.Ad-Hoc|x86.ActiveCfg = Release|x86
		{8A01D0FC-DB0F-4AE3-ADD3-FA00C05FCB1B}.Ad-Hoc|x86.Build.0 = Release|x86
		{8A01D0FC-DB0F-4AE3-ADD3-FA00C05FCB1B}.Ad-Hoc|x86.Deploy.0 = Release|x86
		{8A01D0FC-DB0F-4AE3-ADD3-FA00C05FCB1B}.AppStore|Any CPU.ActiveCfg = Release|x86
		{8A01D0FC-DB0F-4AE3-ADD3-FA00C05FCB1B}.AppStore|Any CPU.Build.0 = Release|x86
		{8A01D0FC-DB0F-4AE3-ADD3-FA00C05FCB1B}.AppStore|Any CPU.Deploy.0 = Release|x86
		{8A01D0FC-DB0F-4AE3-ADD3-FA00C05FCB1B}.AppStore|ARM.ActiveCfg = Release|ARM
		{8A01D0FC-DB0F-4AE3-ADD3-FA00C05FCB1B}.AppStore|ARM.Build.0 = Release|ARM
		{8A01D0FC-DB0F-4AE3-ADD3-FA00C05FCB1B}.AppStore|ARM.Deploy.0 = Release|ARM
		{8A01D0FC-DB0F-4AE3-ADD3-FA00C05FCB1B}.AppStore|iPhone.ActiveCfg = Release|x86
		{8A01D0FC-DB0F-4AE3-ADD3-FA00C05FCB1B}.AppStore|iPhone.Build.0 = Release|x86
		{8A01D0FC-DB0F-4AE3-ADD3-FA00C05FCB1B}.AppStore|iPhone.Deploy.0 = Release|x86
		{8A01D0FC-DB0F-4AE3-ADD3-FA00C05FCB1B}.AppStore|iPhoneSimulator.ActiveCfg = Release|x86
		{8A01D0FC-DB0F-4AE3-ADD3-FA00C05FCB1B}.AppStore|iPhoneSimulator.Build.0 = Release|x86
		{8A01D0FC-DB0F-4AE3-ADD3-FA00C05FCB1B}.AppStore|iPhoneSimulator.Deploy.0 = Release|x86
		{8A01D0FC-DB0F-4AE3-ADD3-FA00C05FCB1B}.AppStore|x64.ActiveCfg = Release|x64
		{8A01D0FC-DB0F-4AE3-ADD3-FA00C05FCB1B}.AppStore|x64.Build.0 = Release|x64
		{8A01D0FC-DB0F-4AE3-ADD3-FA00C05FCB1B}.AppStore|x64.Deploy.0 = Release|x64
		{8A01D0FC-DB0F-4AE3-ADD3-FA00C05FCB1B}.AppStore|x86.ActiveCfg = Release|x86
		{8A01D0FC-DB0F-4AE3-ADD3-FA00C05FCB1B}.AppStore|x86.Build.0 = Release|x86
		{8A01D0FC-DB0F-4AE3-ADD3-FA00C05FCB1B}.AppStore|x86.Deploy.0 = Release|x86
		{8A01D0FC-DB0F-4AE3-ADD3-FA00C05FCB1B}.Debug|Any CPU.ActiveCfg = Debug|x86
		{8A01D0FC-DB0F-4AE3-ADD3-FA00C05FCB1B}.Debug|Any CPU.Build.0 = Debug|x86
		{8A01D0FC-DB0F-4AE3-ADD3-FA00C05FCB1B}.Debug|Any CPU.Deploy.0 = Debug|x86
		{8A01D0FC-DB0F-4AE3-ADD3-FA00C05FCB1B}.Debug|ARM.ActiveCfg = Debug|ARM
		{8A01D0FC-DB0F-4AE3-ADD3-FA00C05FCB1B}.Debug|ARM.Build.0 = Debug|ARM
		{8A01D0FC-DB0F-4AE3-ADD3-FA00C05FCB1B}.Debug|ARM.Deploy.0 = Debug|ARM
		{8A01D0FC-DB0F-4AE3-ADD3-FA00C05FCB1B}.Debug|iPhone.ActiveCfg = Debug|x86
		{8A01D0FC-DB0F-4AE3-ADD3-FA00C05FCB1B}.Debug|iPhone.Build.0 = Debug|x86
		{8A01D0FC-DB0F-4AE3-ADD3-FA00C05FCB1B}.Debug|iPhone.Deploy.0 = Debug|x86
		{8A01D0FC-DB0F-4AE3-ADD3-FA00C05FCB1B}.Debug|iPhoneSimulator.ActiveCfg = Debug|x86
		{8A01D0FC-DB0F-4AE3-ADD3-FA00C05FCB1B}.Debug|iPhoneSimulator.Build.0 = Debug|x86
		{8A01D0FC-DB0F-4AE3-ADD3-FA00C05FCB1B}.Debug|iPhoneSimulator.Deploy.0 = Debug|x86
		{8A01D0FC-DB0F-4AE3-ADD3-FA00C05FCB1B}.Debug|x64.ActiveCfg = Debug|x64
		{8A01D0FC-DB0F-4AE3-ADD3-FA00C05FCB1B}.Debug|x64.Build.0 = Debug|x64
		{8A01D0FC-DB0F-4AE3-ADD3-FA00C05FCB1B}.Debug|x64.Deploy.0 = Debug|x64
		{8A01D0FC-DB0F-4AE3-ADD3-FA00C05FCB1B}.Debug|x86.ActiveCfg = Debug|x86
		{8A01D0FC-DB0F-4AE3-ADD3-FA00C05FCB1B}.Debug|x86.Build.0 = Debug|x86
		{8A01D0FC-DB0F-4AE3-ADD3-FA00C05FCB1B}.Debug|x86.Deploy.0 = Debug|x86
		{8A01D0FC-DB0F-4AE3-ADD3-FA00C05FCB1B}.Release|Any CPU.ActiveCfg = Release|x86
		{8A01D0FC-DB0F-4AE3-ADD3-FA00C05FCB1B}.Release|Any CPU.Build.0 = Release|x86
		{8A01D0FC-DB0F-4AE3-ADD3-FA00C05FCB1B}.Release|Any CPU.Deploy.0 = Release|x86
		{8A01D0FC-DB0F-4AE3-ADD3-FA00C05FCB1B}.Release|ARM.ActiveCfg = Release|ARM
		{8A01D0FC-DB0F-4AE3-ADD3-FA00C05FCB1B}.Release|ARM.Build.0 = Release|ARM
		{8A01D0FC-DB0F-4AE3-ADD3-FA00C05FCB1B}.Release|ARM.Deploy.0 = Release|ARM
		{8A01D0FC-DB0F-4AE3-ADD3-FA00C05FCB1B}.Release|iPhone.ActiveCfg = Release|x86
		{8A01D0FC-DB0F-4AE3-ADD3-FA00C05FCB1B}.Release|iPhone.Build.0 = Release|x86
		{8A01D0FC-DB0F-4AE3-ADD3-FA00C05FCB1B}.Release|iPhone.Deploy.0 = Release|x86
		{8A01D0FC-DB0F-4AE3-ADD3-FA00C05FCB1B}.Release|iPhoneSimulator.ActiveCfg = Release|x86
		{8A01D0FC-DB0F-4AE3-ADD3-FA00C05FCB1B}.Release|iPhoneSimulator.Build.0 = Release|x86
		{8A01D0FC-DB0F-4AE3-ADD3-FA00C05FCB1B}.Release|iPhoneSimulator.Deploy.0 = Release|x86
		{8A01D0FC-DB0F-4AE3-ADD3-FA00C05FCB1B}.Release|x64.ActiveCfg = Release|x64
		{8A01D0FC-DB0F-4AE3-ADD3-FA00C05FCB1B}.Release|x64.Build.0 = Release|x64
		{8A01D0FC-DB0F-4AE3-ADD3-FA00C05FCB1B}.Release|x64.Deploy.0 = Release|x64
		{8A01D0FC-DB0F-4AE3-ADD3-FA00C05FCB1B}.Release|x86.ActiveCfg = Release|x86
		{8A01D0FC-DB0F-4AE3-ADD3-FA00C05FCB1B}.Release|x86.Build.0 = Release|x86
		{8A01D0FC-DB0F-4AE3-ADD3-FA00C05FCB1B}.Release|x86.Deploy.0 = Release|x86
		{D641A074-AA7F-4EA8-91CA-38D57D25D210}.Ad-Hoc|Any CPU.ActiveCfg = Debug|Any CPU
		{D641A074-AA7F-4EA8-91CA-38D57D25D210}.Ad-Hoc|Any CPU.Build.0 = Debug|Any CPU
		{D641A074-AA7F-4EA8-91CA-38D57D25D210}.Ad-Hoc|Any CPU.Deploy.0 = Debug|Any CPU
		{D641A074-AA7F-4EA8-91CA-38D57D25D210}.Ad-Hoc|ARM.ActiveCfg = Debug|Any CPU
		{D641A074-AA7F-4EA8-91CA-38D57D25D210}.Ad-Hoc|ARM.Build.0 = Debug|Any CPU
		{D641A074-AA7F-4EA8-91CA-38D57D25D210}.Ad-Hoc|ARM.Deploy.0 = Debug|Any CPU
		{D641A074-AA7F-4EA8-91CA-38D57D25D210}.Ad-Hoc|iPhone.ActiveCfg = Debug|Any CPU
		{D641A074-AA7F-4EA8-91CA-38D57D25D210}.Ad-Hoc|iPhone.Build.0 = Debug|Any CPU
		{D641A074-AA7F-4EA8-91CA-38D57D25D210}.Ad-Hoc|iPhone.Deploy.0 = Debug|Any CPU
		{D641A074-AA7F-4EA8-91CA-38D57D25D210}.Ad-Hoc|iPhoneSimulator.ActiveCfg = Debug|Any CPU
		{D641A074-AA7F-4EA8-91CA-38D57D25D210}.Ad-Hoc|iPhoneSimulator.Build.0 = Debug|Any CPU
		{D641A074-AA7F-4EA8-91CA-38D57D25D210}.Ad-Hoc|iPhoneSimulator.Deploy.0 = Debug|Any CPU
		{D641A074-AA7F-4EA8-91CA-38D57D25D210}.Ad-Hoc|x64.ActiveCfg = Debug|Any CPU
		{D641A074-AA7F-4EA8-91CA-38D57D25D210}.Ad-Hoc|x64.Build.0 = Debug|Any CPU
		{D641A074-AA7F-4EA8-91CA-38D57D25D210}.Ad-Hoc|x64.Deploy.0 = Debug|Any CPU
		{D641A074-AA7F-4EA8-91CA-38D57D25D210}.Ad-Hoc|x86.ActiveCfg = Debug|Any CPU
		{D641A074-AA7F-4EA8-91CA-38D57D25D210}.Ad-Hoc|x86.Build.0 = Debug|Any CPU
		{D641A074-AA7F-4EA8-91CA-38D57D25D210}.Ad-Hoc|x86.Deploy.0 = Debug|Any CPU
		{D641A074-AA7F-4EA8-91CA-38D57D25D210}.AppStore|Any CPU.ActiveCfg = Debug|Any CPU
		{D641A074-AA7F-4EA8-91CA-38D57D25D210}.AppStore|Any CPU.Build.0 = Debug|Any CPU
		{D641A074-AA7F-4EA8-91CA-38D57D25D210}.AppStore|Any CPU.Deploy.0 = Debug|Any CPU
		{D641A074-AA7F-4EA8-91CA-38D57D25D210}.AppStore|ARM.ActiveCfg = Debug|Any CPU
		{D641A074-AA7F-4EA8-91CA-38D57D25D210}.AppStore|ARM.Build.0 = Debug|Any CPU
		{D641A074-AA7F-4EA8-91CA-38D57D25D210}.AppStore|ARM.Deploy.0 = Debug|Any CPU
		{D641A074-AA7F-4EA8-91CA-38D57D25D210}.AppStore|iPhone.ActiveCfg = Debug|Any CPU
		{D641A074-AA7F-4EA8-91CA-38D57D25D210}.AppStore|iPhone.Build.0 = Debug|Any CPU
		{D641A074-AA7F-4EA8-91CA-38D57D25D210}.AppStore|iPhone.Deploy.0 = Debug|Any CPU
		{D641A074-AA7F-4EA8-91CA-38D57D25D210}.AppStore|iPhoneSimulator.ActiveCfg = Debug|Any CPU
		{D641A074-AA7F-4EA8-91CA-38D57D25D210}.AppStore|iPhoneSimulator.Build.0 = Debug|Any CPU
		{D641A074-AA7F-4EA8-91CA-38D57D25D210}.AppStore|iPhoneSimulator.Deploy.0 = Debug|Any CPU
		{D641A074-AA7F-4EA8-91CA-38D57D25D210}.AppStore|x64.ActiveCfg = Debug|Any CPU
		{D641A074-AA7F-4EA8-91CA-38D57D25D210}.AppStore|x64.Build.0 = Debug|Any CPU
		{D641A074-AA7F-4EA8-91CA-38D57D25D210}.AppStore|x64.Deploy.0 = Debug|Any CPU
		{D641A074-AA7F-4EA8-91CA-38D57D25D210}.AppStore|x86.ActiveCfg = Debug|Any CPU
		{D641A074-AA7F-4EA8-91CA-38D57D25D210}.AppStore|x86.Build.0 = Debug|Any CPU
		{D641A074-AA7F-4EA8-91CA-38D57D25D210}.AppStore|x86.Deploy.0 = Debug|Any CPU
		{D641A074-AA7F-4EA8-91CA-38D57D25D210}.Debug|Any CPU.ActiveCfg = Debug|Any CPU
		{D641A074-AA7F-4EA8-91CA-38D57D25D210}.Debug|Any CPU.Build.0 = Debug|Any CPU
		{D641A074-AA7F-4EA8-91CA-38D57D25D210}.Debug|Any CPU.Deploy.0 = Debug|Any CPU
		{D641A074-AA7F-4EA8-91CA-38D57D25D210}.Debug|ARM.ActiveCfg = Debug|Any CPU
		{D641A074-AA7F-4EA8-91CA-38D57D25D210}.Debug|ARM.Build.0 = Debug|Any CPU
		{D641A074-AA7F-4EA8-91CA-38D57D25D210}.Debug|ARM.Deploy.0 = Debug|Any CPU
		{D641A074-AA7F-4EA8-91CA-38D57D25D210}.Debug|iPhone.ActiveCfg = Debug|Any CPU
		{D641A074-AA7F-4EA8-91CA-38D57D25D210}.Debug|iPhone.Build.0 = Debug|Any CPU
		{D641A074-AA7F-4EA8-91CA-38D57D25D210}.Debug|iPhone.Deploy.0 = Debug|Any CPU
		{D641A074-AA7F-4EA8-91CA-38D57D25D210}.Debug|iPhoneSimulator.ActiveCfg = Debug|Any CPU
		{D641A074-AA7F-4EA8-91CA-38D57D25D210}.Debug|iPhoneSimulator.Build.0 = Debug|Any CPU
		{D641A074-AA7F-4EA8-91CA-38D57D25D210}.Debug|iPhoneSimulator.Deploy.0 = Debug|Any CPU
		{D641A074-AA7F-4EA8-91CA-38D57D25D210}.Debug|x64.ActiveCfg = Debug|Any CPU
		{D641A074-AA7F-4EA8-91CA-38D57D25D210}.Debug|x64.Build.0 = Debug|Any CPU
		{D641A074-AA7F-4EA8-91CA-38D57D25D210}.Debug|x64.Deploy.0 = Debug|Any CPU
		{D641A074-AA7F-4EA8-91CA-38D57D25D210}.Debug|x86.ActiveCfg = Debug|Any CPU
		{D641A074-AA7F-4EA8-91CA-38D57D25D210}.Debug|x86.Build.0 = Debug|Any CPU
		{D641A074-AA7F-4EA8-91CA-38D57D25D210}.Debug|x86.Deploy.0 = Debug|Any CPU
		{D641A074-AA7F-4EA8-91CA-38D57D25D210}.Release|Any CPU.ActiveCfg = Release|Any CPU
		{D641A074-AA7F-4EA8-91CA-38D57D25D210}.Release|Any CPU.Build.0 = Release|Any CPU
		{D641A074-AA7F-4EA8-91CA-38D57D25D210}.Release|Any CPU.Deploy.0 = Release|Any CPU
		{D641A074-AA7F-4EA8-91CA-38D57D25D210}.Release|ARM.ActiveCfg = Release|Any CPU
		{D641A074-AA7F-4EA8-91CA-38D57D25D210}.Release|ARM.Build.0 = Release|Any CPU
		{D641A074-AA7F-4EA8-91CA-38D57D25D210}.Release|ARM.Deploy.0 = Release|Any CPU
		{D641A074-AA7F-4EA8-91CA-38D57D25D210}.Release|iPhone.ActiveCfg = Release|Any CPU
		{D641A074-AA7F-4EA8-91CA-38D57D25D210}.Release|iPhone.Build.0 = Release|Any CPU
		{D641A074-AA7F-4EA8-91CA-38D57D25D210}.Release|iPhone.Deploy.0 = Release|Any CPU
		{D641A074-AA7F-4EA8-91CA-38D57D25D210}.Release|iPhoneSimulator.ActiveCfg = Release|Any CPU
		{D641A074-AA7F-4EA8-91CA-38D57D25D210}.Release|iPhoneSimulator.Build.0 = Release|Any CPU
		{D641A074-AA7F-4EA8-91CA-38D57D25D210}.Release|iPhoneSimulator.Deploy.0 = Release|Any CPU
		{D641A074-AA7F-4EA8-91CA-38D57D25D210}.Release|x64.ActiveCfg = Release|Any CPU
		{D641A074-AA7F-4EA8-91CA-38D57D25D210}.Release|x64.Build.0 = Release|Any CPU
		{D641A074-AA7F-4EA8-91CA-38D57D25D210}.Release|x64.Deploy.0 = Release|Any CPU
		{D641A074-AA7F-4EA8-91CA-38D57D25D210}.Release|x86.ActiveCfg = Release|Any CPU
		{D641A074-AA7F-4EA8-91CA-38D57D25D210}.Release|x86.Build.0 = Release|Any CPU
		{D641A074-AA7F-4EA8-91CA-38D57D25D210}.Release|x86.Deploy.0 = Release|Any CPU
	EndGlobalSection
	GlobalSection(SolutionProperties) = preSolution
		HideSolutionNode = FALSE
	EndGlobalSection
	GlobalSection(ExtensibilityGlobals) = postSolution
		SolutionGuid = {808DED17-32B3-4B11-83BB-091A3928692B}
	EndGlobalSection
EndGlobal
